
Microsoft Visual Studio Solution File, Format Version 12.00
# Visual Studio 15
VisualStudioVersion = 15.0.26730.10
MinimumVisualStudioVersion = 10.0.40219.1
Project("{8BC9CEB8-8B4A-11D0-8D11-00A0C91BC942}") = "Quicksort", "Quicksort\Quicksort.vcxproj", "{C131DC9A-41DF-4479-B70B-C43F5A8BC3E2}"
EndProject
Global
	GlobalSection(SolutionConfigurationPlatforms) = preSolution
		Debug|x64 = Debug|x64
		Debug|x86 = Debug|x86
		Release|x64 = Release|x64
		Release|x86 = Release|x86
	EndGlobalSection
	GlobalSection(ProjectConfigurationPlatforms) = postSolution
		{C131DC9A-41DF-4479-B70B-C43F5A8BC3E2}.Debug|x64.ActiveCfg = Debug|x64
		{C131DC9A-41DF-4479-B70B-C43F5A8BC3E2}.Debug|x64.Build.0 = Debug|x64
		{C131DC9A-41DF-4479-B70B-C43F5A8BC3E2}.Debug|x86.ActiveCfg = Debug|Win32
		{C131DC9A-41DF-4479-B70B-C43F5A8BC3E2}.Debug|x86.Build.0 = Debug|Win32
		{C131DC9A-41DF-4479-B70B-C43F5A8BC3E2}.Release|x64.ActiveCfg = Release|x64
		{C131DC9A-41DF-4479-B70B-C43F5A8BC3E2}.Release|x64.Build.0 = Release|x64
		{C131DC9A-41DF-4479-B70B-C43F5A8BC3E2}.Release|x86.ActiveCfg = Release|Win32
		{C131DC9A-41DF-4479-B70B-C43F5A8BC3E2}.Release|x86.Build.0 = Release|Win32
	EndGlobalSection
	GlobalSection(SolutionProperties) = preSolution
		HideSolutionNode = FALSE
	EndGlobalSection
	GlobalSection(ExtensibilityGlobals) = postSolution
		SolutionGuid = {482BFD15-12EB-4553-B59F-DD86911F1698}
	EndGlobalSection
EndGlobal
